<?xml version="1.0" encoding="utf-8"?>
<Project ToolsVersion="14.0" xmlns="http://schemas.microsoft.com/developer/msbuild/2003">
  <ItemGroup>
    <ClCompile Include="$(SolutionDir)../cpp-api/DepthReaderEventCPP/main.cpp">
      <Filter>Source Files</Filter>
    </ClCompile>
    <ClCompile Include="..\..\..\..\..\..\..\libs\DepthStream\src\CamInterface.cpp">
      <Filter>DepthStream</Filter>
    </ClCompile>
    <ClCompile Include="..\..\..\..\..\..\..\libs\DepthStream\src\Compressor.cpp">
      <Filter>DepthStream</Filter>
    </ClCompile>
    <ClCompile Include="..\..\..\..\..\..\..\libs\DepthStream\src\Inflater.cpp">
      <Filter>DepthStream</Filter>
    </ClCompile>
    <ClCompile Include="..\..\..\..\..\..\..\libs\DepthStream\src\OniSampleUtilities.cpp">
      <Filter>DepthStream</Filter>
    </ClCompile>
    <ClCompile Include="..\..\..\..\..\..\..\libs\DepthStream\src\Playback.cpp">
      <Filter>DepthStream</Filter>
    </ClCompile>
    <ClCompile Include="..\..\..\..\..\..\..\libs\DepthStream\src\Receiver.cpp">
      <Filter>DepthStream</Filter>
    </ClCompile>
    <ClCompile Include="..\..\..\..\..\..\..\libs\DepthStream\src\Recorder.cpp">
      <Filter>DepthStream</Filter>
    </ClCompile>
    <ClCompile Include="..\..\..\..\..\..\..\libs\DepthStream\src\Transmitter.cpp">
      <Filter>DepthStream</Filter>
    </ClCompile>
  </ItemGroup>
  <ItemGroup>
    <ClInclude Include="$(SolutionDir)../common/key_handler.h">
      <Filter>Header Files</Filter>
    </ClInclude>
    <ClInclude Include="..\..\..\..\..\..\..\libs\DepthStream\src\Buffer.h">
      <Filter>DepthStream\Include</Filter>
    </ClInclude>
    <ClInclude Include="..\..\..\..\..\..\..\libs\DepthStream\src\CamInterface.h">
      <Filter>DepthStream\Include</Filter>
    </ClInclude>
    <ClInclude Include="..\..\..\..\..\..\..\libs\DepthStream\src\Compressor.h">
      <Filter>DepthStream\Include</Filter>
    </ClInclude>
    <ClInclude Include="..\..\..\..\..\..\..\libs\DepthStream\src\config.h">
      <Filter>DepthStream\Include</Filter>
    </ClInclude>
    <ClInclude Include="..\..\..\..\..\..\..\libs\DepthStream\src\DepthStream.h">
      <Filter>DepthStream\Include</Filter>
    </ClInclude>
    <ClInclude Include="..\..\..\..\..\..\..\libs\DepthStream\src\Frame.h">
      <Filter>DepthStream\Include</Filter>
    </ClInclude>
    <ClInclude Include="..\..\..\..\..\..\..\libs\DepthStream\src\functional.h">
      <Filter>DepthStream\Include</Filter>
    </ClInclude>
    <ClInclude Include="..\..\..\..\..\..\..\libs\DepthStream\src\Inflater.h">
      <Filter>DepthStream\Include</Filter>
    </ClInclude>
    <ClInclude Include="..\..\..\..\..\..\..\libs\DepthStream\src\OniSampleUtilities.h">
      <Filter>DepthStream\Include</Filter>
    </ClInclude>
    <ClInclude Include="..\..\..\..\..\..\..\libs\DepthStream\src\Playback.h">
      <Filter>DepthStream\Include</Filter>
    </ClInclude>
    <ClInclude Include="..\..\..\..\..\..\..\libs\DepthStream\src\Receiver.h">
      <Filter>DepthStream\Include</Filter>
    </ClInclude>
    <ClInclude Include="..\..\..\..\..\..\..\libs\DepthStream\src\Recorder.h">
      <Filter>DepthStream\Include</Filter>
    </ClInclude>
    <ClInclude Include="..\..\..\..\..\..\..\libs\DepthStream\src\Transmitter.h">
      <Filter>DepthStream\Include</Filter>
    </ClInclude>
  </ItemGroup>
  <ItemGroup>
    <Filter Include="Source Files">
      <UniqueIdentifier>{B1CAB101-F6E4-470B-9082-CD6DBAE7657B}</UniqueIdentifier>
    </Filter>
    <Filter Include="Header Files">
      <UniqueIdentifier>{2C465070-1565-491E-B741-C69A51353325}</UniqueIdentifier>
    </Filter>
    <Filter Include="DepthStream">
      <UniqueIdentifier>{d91cc670-e29c-4870-bcce-eca3205a4f32}</UniqueIdentifier>
    </Filter>
    <Filter Include="DepthStream\Include">
      <UniqueIdentifier>{62656bc0-d9c8-4bd4-ad9b-bb8bbee6127f}</UniqueIdentifier>
    </Filter>
  </ItemGroup>
</Project>